
Microsoft Visual Studio Solution File, Format Version 12.00
# Visual Studio Version 16
VisualStudioVersion = 16.0.30711.63
MinimumVisualStudioVersion = 10.0.40219.1
Project("{FAE04EC0-301F-11D3-BF4B-00C04F79EFBC}") = "GkProject3", "GkProject3\GkProject3.csproj", "{62B1837C-5B5C-4146-A78E-A9D495ADC39B}"
EndProject
Global
	GlobalSection(SolutionConfigurationPlatforms) = preSolution
		Debug|Any CPU = Debug|Any CPU
		Release|Any CPU = Release|Any CPU
	EndGlobalSection
	GlobalSection(ProjectConfigurationPlatforms) = postSolution
		{62B1837C-5B5C-4146-A78E-A9D495ADC39B}.Debug|Any CPU.ActiveCfg = Debug|Any CPU
		{62B1837C-5B5C-4146-A78E-A9D495ADC39B}.Debug|Any CPU.Build.0 = Debug|Any CPU
		{62B1837C-5B5C-4146-A78E-A9D495ADC39B}.Release|Any CPU.ActiveCfg = Release|Any CPU
		{62B1837C-5B5C-4146-A78E-A9D495ADC39B}.Release|Any CPU.Build.0 = Release|Any CPU
	EndGlobalSection
	GlobalSection(SolutionProperties) = preSolution
		HideSolutionNode = FALSE
	EndGlobalSection
	GlobalSection(ExtensibilityGlobals) = postSolution
		SolutionGuid = {B81867B8-BC93-47A2-96FE-75FCDEF3491B}
	EndGlobalSection
EndGlobal
